{
  "version": 4,
  "terraform_version": "1.1.8",
  "serial": 33,
  "lineage": "6b66dd98-7747-c4fd-d475-dcd6a5b6eef8",
  "outputs": {},
  "resources": [
    {
      "mode": "data",
      "type": "bigip_waf_entity_parameter",
      "name": "Param1",
      "provider": "provider[\"registry.terraform.io/f5networks/bigip\"]",
      "instances": [
        {
          "schema_version": 0,
          "attributes": {
            "allow_empty_type": null,
            "allow_repeated_parameter_name": null,
            "attack_signatures_check": null,
            "check_max_value_length": null,
            "check_min_value_length": null,
            "data_type": "alpha-numeric",
            "description": null,
            "enable_regular_expression": null,
            "id": "Param1",
            "is_base64": null,
            "is_cookie": null,
            "is_header": null,
            "json": "{\"name\":\"Param1\",\"type\":\"explicit\",\"dataType\":\"alpha-numeric\",\"performStaging\":true}",
            "level": null,
            "mandatory": null,
            "metachars_on_parameter_value_check": null,
            "name": "Param1",
            "parameter_location": null,
            "perform_staging": true,
            "sensitive_parameter": null,
            "signature_overrides_disable": null,
            "type": "explicit",
            "value_type": null
          },
          "sensitive_attributes": []
        }
      ]
    },
    {
      "mode": "data",
      "type": "bigip_waf_entity_parameter",
      "name": "Param2",
      "provider": "provider[\"registry.terraform.io/f5networks/bigip\"]",
      "instances": [
        {
          "schema_version": 0,
          "attributes": {
            "allow_empty_type": null,
            "allow_repeated_parameter_name": null,
            "attack_signatures_check": null,
            "check_max_value_length": null,
            "check_min_value_length": null,
            "data_type": "alpha-numeric",
            "description": null,
            "enable_regular_expression": null,
            "id": "Param2",
            "is_base64": null,
            "is_cookie": null,
            "is_header": null,
            "json": "{\"name\":\"Param2\",\"type\":\"explicit\",\"dataType\":\"alpha-numeric\",\"performStaging\":true}",
            "level": null,
            "mandatory": null,
            "metachars_on_parameter_value_check": null,
            "name": "Param2",
            "parameter_location": null,
            "perform_staging": true,
            "sensitive_parameter": null,
            "signature_overrides_disable": null,
            "type": "explicit",
            "value_type": null
          },
          "sensitive_attributes": []
        }
      ]
    },
    {
      "mode": "data",
      "type": "bigip_waf_entity_parameter",
      "name": "Param3",
      "provider": "provider[\"registry.terraform.io/f5networks/bigip\"]",
      "instances": [
        {
          "schema_version": 0,
          "attributes": {
            "allow_empty_type": null,
            "allow_repeated_parameter_name": null,
            "attack_signatures_check": null,
            "check_max_value_length": null,
            "check_min_value_length": null,
            "data_type": "alpha-numeric",
            "description": null,
            "enable_regular_expression": null,
            "id": "Param3",
            "is_base64": null,
            "is_cookie": null,
            "is_header": null,
            "json": "{\"name\":\"Param3\",\"type\":\"explicit\",\"dataType\":\"alpha-numeric\",\"performStaging\":true}",
            "level": null,
            "mandatory": null,
            "metachars_on_parameter_value_check": null,
            "name": "Param3",
            "parameter_location": null,
            "perform_staging": true,
            "sensitive_parameter": null,
            "signature_overrides_disable": null,
            "type": "explicit",
            "value_type": null
          },
          "sensitive_attributes": []
        }
      ]
    },
    {
      "mode": "data",
      "type": "bigip_waf_entity_url",
      "name": "URL",
      "provider": "provider[\"registry.terraform.io/f5networks/bigip\"]",
      "instances": [
        {
          "schema_version": 0,
          "attributes": {
            "description": null,
            "id": "URL1",
            "json": "{\"name\":\"URL1\",\"type\":\"wildcard\",\"protocol\":\"http\",\"method\":\"*\",\"attackSignaturesCheck\":true,\"isAllowed\":true}",
            "method": "*",
            "method_overrides": null,
            "name": "URL1",
            "perform_staging": null,
            "protocol": "http",
            "signature_overrides_disable": null,
            "type": "wildcard"
          },
          "sensitive_attributes": []
        }
      ]
    },
    {
      "mode": "data",
      "type": "bigip_waf_entity_url",
      "name": "URL2",
      "provider": "provider[\"registry.terraform.io/f5networks/bigip\"]",
      "instances": [
        {
          "schema_version": 0,
          "attributes": {
            "description": null,
            "id": "URL2",
            "json": "{\"name\":\"URL2\",\"type\":\"wildcard\",\"protocol\":\"http\",\"method\":\"*\",\"attackSignaturesCheck\":true,\"isAllowed\":true}",
            "method": "*",
            "method_overrides": null,
            "name": "URL2",
            "perform_staging": null,
            "protocol": "http",
            "signature_overrides_disable": null,
            "type": "wildcard"
          },
          "sensitive_attributes": []
        }
      ]
    },
    {
      "mode": "data",
      "type": "bigip_waf_entity_url",
      "name": "URL3",
      "provider": "provider[\"registry.terraform.io/f5networks/bigip\"]",
      "instances": [
        {
          "schema_version": 0,
          "attributes": {
            "description": null,
            "id": "URL3",
            "json": "{\"name\":\"URL3\",\"type\":\"wildcard\",\"protocol\":\"http\",\"method\":\"*\",\"attackSignaturesCheck\":true,\"isAllowed\":true}",
            "method": "*",
            "method_overrides": null,
            "name": "URL3",
            "perform_staging": null,
            "protocol": "http",
            "signature_overrides_disable": null,
            "type": "wildcard"
          },
          "sensitive_attributes": []
        }
      ]
    },
    {
      "mode": "data",
      "type": "bigip_waf_entity_url",
      "name": "URL4",
      "provider": "provider[\"registry.terraform.io/f5networks/bigip\"]",
      "instances": [
        {
          "schema_version": 0,
          "attributes": {
            "description": null,
            "id": "URL4",
            "json": "{\"name\":\"URL4\",\"type\":\"wildcard\",\"protocol\":\"http\",\"method\":\"*\",\"attackSignaturesCheck\":true,\"isAllowed\":true}",
            "method": "*",
            "method_overrides": null,
            "name": "URL4",
            "perform_staging": null,
            "protocol": "http",
            "signature_overrides_disable": null,
            "type": "wildcard"
          },
          "sensitive_attributes": []
        }
      ]
    },
    {
      "mode": "data",
      "type": "bigip_waf_signatures",
      "name": "WAFSIG1",
      "provider": "provider[\"registry.terraform.io/f5networks/bigip\"]",
      "instances": [
        {
          "schema_version": 0,
          "attributes": {
            "accuracy": "medium",
            "description": "Summary:\nThis event is generated when an attempt is made to exploit a Cross Site Scripting (XSS) vulnerability. This is a general attack detection signature (i.e. it is not specific to any web application).\n\nImpact:\nSuccessful exploitation will result in information gathering and system integrity compromise. Possible unauthorized administrative access to the server or application can result. Possible execution of arbitrary code of the attacker's choosing can result.\n\nDetailed Information:\nThis event indicates that an attempt has been made to exploit a Cross Site Scripting vulnerability in an application running on a webserver.Cross Site Scripting (XSS) occurs when a web application doesn't sanitize user-supplied input and places it directly into the page returned to the user. Usually the attacker will submit malicious JavaScript, VBScript, ActiveX, HTML, or Flash code to the vulnerable web site.\n\nAffected Systems:\nAll systems that accept user input are potentially affected.\n\nAttack Scenarios:\nAn attacker can supply a malicious link designed to steal information from a user clicking on that link.\n\nEase Of Attack:\nVary from simple to medium.\n\nFalse Positives:\nSome applications send various script code to the web server as legitimate input.Some free-text user input may match Cross Site Scripting signatures.\n\nFalse Negatives:\nNone known.\n\nCorrective Action:\nEnsure the system is using an up to date version of the software and has had all vendor supplied patches applied.Utilize \"Positive Security Model\" by accepting only known types of input in web application.\n\nAdditional References:\nhttp://en.wikipedia.org/wiki/Cross_site_scripting\nhttp://www.cgisecurity.com/articles/xss-faq.shtml\n\n",
            "enabled": true,
            "id": "200101595",
            "json": "{\"signatureId\":200101595,\"performStaging\":false,\"enabled\":true}",
            "name": "location.assign() (URI)",
            "perform_staging": false,
            "risk": "high",
            "signature_id": 200101595,
            "system_signature_id": "a-FjAcDp_rPUp0oWHmulSw",
            "tag": null,
            "type": "request"
          },
          "sensitive_attributes": []
        }
      ]
    },
    {
      "mode": "data",
      "type": "bigip_waf_signatures",
      "name": "WAFSIG2",
      "provider": "provider[\"registry.terraform.io/f5networks/bigip\"]",
      "instances": [
        {
          "schema_version": 0,
          "attributes": {
            "accuracy": "medium",
            "description": "Summary:\nThis event is generated when an attempt is made to exploit a Cross Site Scripting (XSS) vulnerability. This is a general attack detection signature (i.e. it is not specific to any web application).\n\nImpact:\nSuccessful exploitation will result in information gathering and system integrity compromise. Possible unauthorized administrative access to the server or application can result. Possible execution of arbitrary code of the attacker's choosing can result.\n\nDetailed Information:\nThis event indicates that an attempt has been made to exploit a Cross Site Scripting vulnerability in an application running on a webserver.Cross Site Scripting (XSS) occurs when a web application doesn't sanitize user-supplied input and places it directly into the page returned to the user. Usually the attacker will submit malicious JavaScript, VBScript, ActiveX, HTML, or Flash code to the vulnerable web site.\n\nAffected Systems:\nAll systems that accept user input are potentially affected.\n\nAttack Scenarios:\nAn attacker can supply a malicious link designed to steal information from a user clicking on that link.\n\nEase Of Attack:\nVary from simple to medium.\n\nFalse Positives:\nSome applications send various script code to the web server as legitimate input.Some free-text user input may match Cross Site Scripting signatures.\n\nFalse Negatives:\nNone known.\n\nCorrective Action:\nEnsure the system is using an up to date version of the software and has had all vendor supplied patches applied.Utilize \"Positive Security Model\" by accepting only known types of input in web application.\n\nAdditional References:\nhttp://en.wikipedia.org/wiki/Cross_site_scripting\nhttp://www.cgisecurity.com/articles/xss-faq.shtml\n\n",
            "enabled": true,
            "id": "200101559",
            "json": "{\"signatureId\":200101559,\"performStaging\":false,\"enabled\":true}",
            "name": "\" src http: (Header)",
            "perform_staging": false,
            "risk": "medium",
            "signature_id": 200101559,
            "system_signature_id": "NaujARAvIGLviY83jq0IMg",
            "tag": null,
            "type": "request"
          },
          "sensitive_attributes": []
        }
      ]
    },
    {
      "mode": "managed",
      "type": "bigip_waf_policy",
      "name": "test-awaf",
      "provider": "provider[\"registry.terraform.io/f5networks/bigip\"]",
      "instances": [
        {
          "schema_version": 0,
          "attributes": {
            "application_language": "utf-8",
            "case_insensitive": false,
            "description": "Rapid Deployment-2",
            "enable_passivemode": false,
            "enforcement_mode": "blocking",
            "id": "sn03fIRFsMNrDw3mXTguYA",
            "modifications": null,
            "name": "1.14.local.s1",
            "open_api_files": null,
            "parameters": [
              "{\"name\":\"Param1\",\"type\":\"explicit\",\"dataType\":\"alpha-numeric\",\"performStaging\":true}",
              "{\"name\":\"Param2\",\"type\":\"explicit\",\"dataType\":\"alpha-numeric\",\"performStaging\":true}",
              "{\"name\":\"Param3\",\"type\":\"explicit\",\"dataType\":\"alpha-numeric\",\"performStaging\":true}"
            ],
            "partition": "Common",
            "policy_export_json": "{\"name\":\"1.14.local.s1\",\"description\":\"Rapid Deployment-2\",\"fullPath\":\"/Common/1.14.local.s1\",\"template\":{\"name\":\"POLICY_TEMPLATE_API_SECURITY\"},\"applicationLanguage\":\"utf-8\",\"enforcementMode\":\"blocking\",\"type\":\"security\",\"parameters\":[{\"name\":\"Param3\",\"type\":\"explicit\",\"valueType\":\"user-input\",\"allowEmptyValue\":true,\"allowRepeatedParameterName\":true,\"attackSignaturesCheck\":true,\"dataType\":\"alpha-numeric\",\"level\":\"global\",\"metacharsOnParameterValueCheck\":true,\"parameterLocation\":\"any\",\"performStaging\":true},{\"name\":\"Param2\",\"type\":\"explicit\",\"valueType\":\"user-input\",\"allowEmptyValue\":true,\"allowRepeatedParameterName\":true,\"attackSignaturesCheck\":true,\"dataType\":\"alpha-numeric\",\"level\":\"global\",\"metacharsOnParameterValueCheck\":true,\"parameterLocation\":\"any\",\"performStaging\":true},{\"name\":\"Param1\",\"type\":\"explicit\",\"valueType\":\"user-input\",\"allowEmptyValue\":true,\"allowRepeatedParameterName\":true,\"attackSignaturesCheck\":true,\"dataType\":\"alpha-numeric\",\"level\":\"global\",\"metacharsOnParameterValueCheck\":true,\"parameterLocation\":\"any\",\"performStaging\":true},{\"name\":\"*\",\"type\":\"wildcard\",\"valueType\":\"auto-detect\",\"allowEmptyValue\":true,\"allowRepeatedParameterName\":true,\"attackSignaturesCheck\":true,\"level\":\"global\",\"metacharsOnParameterValueCheck\":true,\"parameterLocation\":\"any\"}],\"server-technologies\":[{\"serverTechnologyName\":\"MongoDB\"},{\"serverTechnologyName\":\"MySQL\"},{\"serverTechnologyName\":\"Unix/Linux\"}],\"urls\":[{\"name\":\"*\",\"type\":\"wildcard\",\"protocol\":\"https\",\"method\":\"*\",\"attackSignaturesCheck\":true,\"isAllowed\":true},{\"name\":\"*\",\"type\":\"wildcard\",\"protocol\":\"http\",\"method\":\"*\",\"attackSignaturesCheck\":true,\"isAllowed\":true}],\"signature-settings\":{\"signatureStaging\":true},\"signature-sets\":[{\"alarm\":true,\"block\":true,\"learn\":true,\"name\":\"MongoDB Signatures (High/Medium Accuracy)\",\"signatureSet\":{\"filter\":{\"accuracyFilter\":\"ge\",\"accuracyValue\":\"medium\",\"hasCve\":\"all\",\"lastUpdatedFilter\":\"all\",\"riskFilter\":\"all\",\"riskValue\":\"all\",\"signatureType\":\"all\",\"tagFilter\":\"all\",\"userDefinedFilter\":\"all\"},\"systems\":[{\"name\":\"MongoDB\"}],\"type\":\"filter-based\"}},{\"alarm\":true,\"block\":true,\"learn\":true,\"name\":\"Unix/Linux Signatures (High/Medium Accuracy)\",\"signatureSet\":{\"filter\":{\"accuracyFilter\":\"ge\",\"accuracyValue\":\"medium\",\"hasCve\":\"all\",\"lastUpdatedFilter\":\"all\",\"riskFilter\":\"all\",\"riskValue\":\"all\",\"signatureType\":\"all\",\"tagFilter\":\"all\",\"userDefinedFilter\":\"all\"},\"systems\":[{\"name\":\"Unix/Linux\"}],\"type\":\"filter-based\"}},{\"alarm\":true,\"block\":true,\"learn\":true,\"name\":\"MySQL Signatures (High/Medium Accuracy)\",\"signatureSet\":{\"filter\":{\"accuracyFilter\":\"ge\",\"accuracyValue\":\"medium\",\"hasCve\":\"all\",\"lastUpdatedFilter\":\"all\",\"riskFilter\":\"all\",\"riskValue\":\"all\",\"signatureType\":\"all\",\"tagFilter\":\"all\",\"userDefinedFilter\":\"all\"},\"systems\":[{\"name\":\"MySQL\"}],\"type\":\"filter-based\"}},{\"alarm\":true,\"block\":true,\"learn\":true,\"name\":\"Generic Detection Signatures (High/Medium Accuracy)\",\"signatureSet\":{\"filter\":{}}}]}",
            "policy_id": "sn03fIRFsMNrDw3mXTguYA",
            "policy_import_json": null,
            "protocol_independent": null,
            "server_technologies": [
              "MySQL",
              "Unix/Linux",
              "MongoDB"
            ],
            "signature_sets": null,
            "signatures": null,
            "template_name": "POLICY_TEMPLATE_API_SECURITY",
            "type": "security",
            "urls": null
          },
          "sensitive_attributes": [],
          "private": "bnVsbA==",
          "dependencies": [
            "data.bigip_waf_entity_parameter.Param1",
            "data.bigip_waf_entity_parameter.Param2",
            "data.bigip_waf_entity_parameter.Param3"
          ]
        }
      ]
    }
  ]
}
